// !$*UTF8*$!
{
	archiveVersion = 1;
	classes = {
	};
	objectVersion = 50;
	objects = {

/* Begin PBXBuildFile section */
		FB24C7AC22F60DA600F4A540 /* AppDelegate.swift in Sources */ = {isa = PBXBuildFile; fileRef = FB24C7AB22F60DA600F4A540 /* AppDelegate.swift */; };
		FB24C7AE22F60DA600F4A540 /* ViewController.swift in Sources */ = {isa = PBXBuildFile; fileRef = FB24C7AD22F60DA600F4A540 /* ViewController.swift */; };
		FB24C7B322F60DA600F4A540 /* Assets.xcassets in Resources */ = {isa = PBXBuildFile; fileRef = FB24C7B222F60DA600F4A540 /* Assets.xcassets */; };
		FB24C7B622F60DA600F4A540 /* LaunchScreen.storyboard in Resources */ = {isa = PBXBuildFile; fileRef = FB24C7B422F60DA600F4A540 /* LaunchScreen.storyboard */; };
		FB24C7BE22F611D000F4A540 /* ToDoItem.swift in Sources */ = {isa = PBXBuildFile; fileRef = FB24C7BD22F611D000F4A540 /* ToDoItem.swift */; };
		FB61009B22F617A8002E8635 /* AppCoordinator.swift in Sources */ = {isa = PBXBuildFile; fileRef = FB61009A22F617A8002E8635 /* AppCoordinator.swift */; };
		FB61009D22F6194A002E8635 /* Coordinator.swift in Sources */ = {isa = PBXBuildFile; fileRef = FB61009C22F6194A002E8635 /* Coordinator.swift */; };
		FB6100A022F619DB002E8635 /* ToDoListCoordinator.swift in Sources */ = {isa = PBXBuildFile; fileRef = FB61009F22F619DB002E8635 /* ToDoListCoordinator.swift */; };
		FB6100A222F61A29002E8635 /* ToDoDetailCoordinator.swift in Sources */ = {isa = PBXBuildFile; fileRef = FB6100A122F61A29002E8635 /* ToDoDetailCoordinator.swift */; };
/* End PBXBuildFile section */

/* Begin PBXFileReference section */
		FB24C7A822F60DA600F4A540 /* ToDoListMVVMC.app */ = {isa = PBXFileReference; explicitFileType = wrapper.application; includeInIndex = 0; path = ToDoListMVVMC.app; sourceTree = BUILT_PRODUCTS_DIR; };
		FB24C7AB22F60DA600F4A540 /* AppDelegate.swift */ = {isa = PBXFileReference; lastKnownFileType = sourcecode.swift; path = AppDelegate.swift; sourceTree = "<group>"; };
		FB24C7AD22F60DA600F4A540 /* ViewController.swift */ = {isa = PBXFileReference; lastKnownFileType = sourcecode.swift; path = ViewController.swift; sourceTree = "<group>"; };
		FB24C7B222F60DA600F4A540 /* Assets.xcassets */ = {isa = PBXFileReference; lastKnownFileType = folder.assetcatalog; path = Assets.xcassets; sourceTree = "<group>"; };
		FB24C7B522F60DA600F4A540 /* Base */ = {isa = PBXFileReference; lastKnownFileType = file.storyboard; name = Base; path = Base.lproj/LaunchScreen.storyboard; sourceTree = "<group>"; };
		FB24C7B722F60DA600F4A540 /* Info.plist */ = {isa = PBXFileReference; lastKnownFileType = text.plist.xml; path = Info.plist; sourceTree = "<group>"; };
		FB24C7BD22F611D000F4A540 /* ToDoItem.swift */ = {isa = PBXFileReference; lastKnownFileType = sourcecode.swift; path = ToDoItem.swift; sourceTree = "<group>"; };
		FB61009A22F617A8002E8635 /* AppCoordinator.swift */ = {isa = PBXFileReference; lastKnownFileType = sourcecode.swift; path = AppCoordinator.swift; sourceTree = "<group>"; };
		FB61009C22F6194A002E8635 /* Coordinator.swift */ = {isa = PBXFileReference; lastKnownFileType = sourcecode.swift; path = Coordinator.swift; sourceTree = "<group>"; };
		FB61009F22F619DB002E8635 /* ToDoListCoordinator.swift */ = {isa = PBXFileReference; lastKnownFileType = sourcecode.swift; path = ToDoListCoordinator.swift; sourceTree = "<group>"; };
		FB6100A122F61A29002E8635 /* ToDoDetailCoordinator.swift */ = {isa = PBXFileReference; lastKnownFileType = sourcecode.swift; path = ToDoDetailCoordinator.swift; sourceTree = "<group>"; };
/* End PBXFileReference section */

/* Begin PBXFrameworksBuildPhase section */
		FB24C7A522F60DA600F4A540 /* Frameworks */ = {
			isa = PBXFrameworksBuildPhase;
			buildActionMask = 2147483647;
			files = (
			);
			runOnlyForDeploymentPostprocessing = 0;
		};
/* End PBXFrameworksBuildPhase section */

/* Begin PBXGroup section */
		FB24C79F22F60DA600F4A540 = {
			isa = PBXGroup;
			children = (
				FB24C7AA22F60DA600F4A540 /* ToDoListMVVMC */,
				FB24C7A922F60DA600F4A540 /* Products */,
			);
			sourceTree = "<group>";
		};
		FB24C7A922F60DA600F4A540 /* Products */ = {
			isa = PBXGroup;
			children = (
				FB24C7A822F60DA600F4A540 /* ToDoListMVVMC.app */,
			);
			name = Products;
			sourceTree = "<group>";
		};
		FB24C7AA22F60DA600F4A540 /* ToDoListMVVMC */ = {
			isa = PBXGroup;
			children = (
				FB61009E22F619BB002E8635 /* Coordinators */,
				FB24C7AB22F60DA600F4A540 /* AppDelegate.swift */,
				FB24C7AD22F60DA600F4A540 /* ViewController.swift */,
				FB24C7B222F60DA600F4A540 /* Assets.xcassets */,
				FB24C7B422F60DA600F4A540 /* LaunchScreen.storyboard */,
				FB24C7B722F60DA600F4A540 /* Info.plist */,
				FB24C7BD22F611D000F4A540 /* ToDoItem.swift */,
			);
			path = ToDoListMVVMC;
			sourceTree = "<group>";
		};
		FB61009E22F619BB002E8635 /* Coordinators */ = {
			isa = PBXGroup;
			children = (
				FB61009C22F6194A002E8635 /* Coordinator.swift */,
				FB61009A22F617A8002E8635 /* AppCoordinator.swift */,
				FB61009F22F619DB002E8635 /* ToDoListCoordinator.swift */,
				FB6100A122F61A29002E8635 /* ToDoDetailCoordinator.swift */,
			);
			path = Coordinators;
			sourceTree = "<group>";
		};
/* End PBXGroup section */

/* Begin PBXNativeTarget section */
		FB24C7A722F60DA600F4A540 /* ToDoListMVVMC */ = {
			isa = PBXNativeTarget;
			buildConfigurationList = FB24C7BA22F60DA600F4A540 /* Build configuration list for PBXNativeTarget "ToDoListMVVMC" */;
			buildPhases = (
				FB24C7A422F60DA600F4A540 /* Sources */,
				FB24C7A522F60DA600F4A540 /* Frameworks */,
				FB24C7A622F60DA600F4A540 /* Resources */,
			);
			buildRules = (
			);
			dependencies = (
			);
			name = ToDoListMVVMC;
			productName = ToDoListMVVMC;
			productReference = FB24C7A822F60DA600F4A540 /* ToDoListMVVMC.app */;
			productType = "com.apple.product-type.application";
		};
/* End PBXNativeTarget section */

/* Begin PBXProject section */
		FB24C7A022F60DA600F4A540 /* Project object */ = {
			isa = PBXProject;
			attributes = {
				LastSwiftUpdateCheck = 1000;
				LastUpgradeCheck = 1000;
				ORGANIZATIONNAME = "Ten Labs";
				TargetAttributes = {
					FB24C7A722F60DA600F4A540 = {
						CreatedOnToolsVersion = 10.0;
					};
				};
			};
			buildConfigurationList = FB24C7A322F60DA600F4A540 /* Build configuration list for PBXProject "ToDoListMVVMC" */;
			compatibilityVersion = "Xcode 9.3";
			developmentRegion = en;
			hasScannedForEncodings = 0;
			knownRegions = (
				en,
				Base,
			);
			mainGroup = FB24C79F22F60DA600F4A540;
			productRefGroup = FB24C7A922F60DA600F4A540 /* Products */;
			projectDirPath = "";
			projectRoot = "";
			targets = (
				FB24C7A722F60DA600F4A540 /* ToDoListMVVMC */,
			);
		};
/* End PBXProject section */

/* Begin PBXResourcesBuildPhase section */
		FB24C7A622F60DA600F4A540 /* Resources */ = {
			isa = PBXResourcesBuildPhase;
			buildActionMask = 2147483647;
			files = (
				FB24C7B622F60DA600F4A540 /* LaunchScreen.storyboard in Resources */,
				FB24C7B322F60DA600F4A540 /* Assets.xcassets in Resources */,
			);
			runOnlyForDeploymentPostprocessing = 0;
		};
/* End PBXResourcesBuildPhase section */

/* Begin PBXSourcesBuildPhase section */
		FB24C7A422F60DA600F4A540 /* Sources */ = {
			isa = PBXSourcesBuildPhase;
			buildActionMask = 2147483647;
			files = (
				FB6100A022F619DB002E8635 /* ToDoListCoordinator.swift in Sources */,
				FB61009B22F617A8002E8635 /* AppCoordinator.swift in Sources */,
				FB6100A222F61A29002E8635 /* ToDoDetailCoordinator.swift in Sources */,
				FB24C7AE22F60DA600F4A540 /* ViewController.swift in Sources */,
				FB61009D22F6194A002E8635 /* Coordinator.swift in Sources */,
				FB24C7AC22F60DA600F4A540 /* AppDelegate.swift in Sources */,
				FB24C7BE22F611D000F4A540 /* ToDoItem.swift in Sources */,
			);
			runOnlyForDeploymentPostprocessing = 0;
		};
/* End PBXSourcesBuildPhase section */

/* Begin PBXVariantGroup section */
		FB24C7B422F60DA600F4A540 /* LaunchScreen.storyboard */ = {
			isa = PBXVariantGroup;
			children = (
				FB24C7B522F60DA600F4A540 /* Base */,
			);
			name = LaunchScreen.storyboard;
			sourceTree = "<group>";
		};
/* End PBXVariantGroup section */

/* Begin XCBuildConfiguration section */
		FB24C7B822F60DA600F4A540 /* Debug */ = {
			isa = XCBuildConfiguration;
			buildSettings = {
				ALWAYS_SEARCH_USER_PATHS = NO;
				CLANG_ANALYZER_NONNULL = YES;
				CLANG_ANALYZER_NUMBER_OBJECT_CONVERSION = YES_AGGRESSIVE;
				CLANG_CXX_LANGUAGE_STANDARD = "gnu++14";
				CLANG_CXX_LIBRARY = "libc++";
				CLANG_ENABLE_MODULES = YES;
				CLANG_ENABLE_OBJC_ARC = YES;
				CLANG_ENABLE_OBJC_WEAK = YES;
				CLANG_WARN_BLOCK_CAPTURE_AUTORELEASING = YES;
				CLANG_WARN_BOOL_CONVERSION = YES;
				CLANG_WARN_COMMA = YES;
				CLANG_WARN_CONSTANT_CONVERSION = YES;
				CLANG_WARN_DEPRECATED_OBJC_IMPLEMENTATIONS = YES;
				CLANG_WARN_DIRECT_OBJC_ISA_USAGE = YES_ERROR;
				CLANG_WARN_DOCUMENTATION_COMMENTS = YES;
				CLANG_WARN_EMPTY_BODY = YES;
				CLANG_WARN_ENUM_CONVERSION = YES;
				CLANG_WARN_INFINITE_RECURSION = YES;
				CLANG_WARN_INT_CONVERSION = YES;
				CLANG_WARN_NON_LITERAL_NULL_CONVERSION = YES;
				CLANG_WARN_OBJC_IMPLICIT_RETAIN_SELF = YES;
				CLANG_WARN_OBJC_LITERAL_CONVERSION = YES;
				CLANG_WARN_OBJC_ROOT_CLASS = YES_ERROR;
				CLANG_WARN_RANGE_LOOP_ANALYSIS = YES;
				CLANG_WARN_STRICT_PROTOTYPES = YES;
				CLANG_WARN_SUSPICIOUS_MOVE = YES;
				CLANG_WARN_UNGUARDED_AVAILABILITY = YES_AGGRESSIVE;
				CLANG_WARN_UNREACHABLE_CODE = YES;
				CLANG_WARN__DUPLICATE_METHOD_MATCH = YES;
				CODE_SIGN_IDENTITY = "iPhone Developer";
				COPY_PHASE_STRIP = NO;
				DEBUG_INFORMATION_FORMAT = dwarf;
				ENABLE_STRICT_OBJC_MSGSEND = YES;
				ENABLE_TESTABILITY = YES;
				GCC_C_LANGUAGE_STANDARD = gnu11;
				GCC_DYNAMIC_NO_PIC = NO;
				GCC_NO_COMMON_BLOCKS = YES;
				GCC_OPTIMIZATION_LEVEL = 0;
				GCC_PREPROCESSOR_DEFINITIONS = (
					"DEBUG=1",
					"$(inherited)",
				);
				GCC_WARN_64_TO_32_BIT_CONVERSION = YES;
				GCC_WARN_ABOUT_RETURN_TYPE = YES_ERROR;
				GCC_WARN_UNDECLARED_SELECTOR = YES;
				GCC_WARN_UNINITIALIZED_AUTOS = YES_AGGRESSIVE;
				GCC_WARN_UNUSED_FUNCTION = YES;
				GCC_WARN_UNUSED_VARIABLE = YES;
				IPHONEOS_DEPLOYMENT_TARGET = 12.0;
				MTL_ENABLE_DEBUG_INFO = INCLUDE_SOURCE;
				MTL_FAST_MATH = YES;
				ONLY_ACTIVE_ARCH = YES;
				SDKROOT = iphoneos;
				SWIFT_ACTIVE_COMPILATION_CONDITIONS = DEBUG;
				SWIFT_OPTIMIZATION_LEVEL = "-Onone";
			};
			name = Debug;
		};
		FB24C7B922F60DA600F4A540 /* Release */ = {
			isa = XCBuildConfiguration;
			buildSettings = {
				ALWAYS_SEARCH_USER_PATHS = NO;
				CLANG_ANALYZER_NONNULL = YES;
				CLANG_ANALYZER_NUMBER_OBJECT_CONVERSION = YES_AGGRESSIVE;
				CLANG_CXX_LANGUAGE_STANDARD = "gnu++14";
				CLANG_CXX_LIBRARY = "libc++";
				CLANG_ENABLE_MODULES = YES;
				CLANG_ENABLE_OBJC_ARC = YES;
				CLANG_ENABLE_OBJC_WEAK = YES;
				CLANG_WARN_BLOCK_CAPTURE_AUTORELEASING = YES;
				CLANG_WARN_BOOL_CONVERSION = YES;
				CLANG_WARN_COMMA = YES;
				CLANG_WARN_CONSTANT_CONVERSION = YES;
				CLANG_WARN_DEPRECATED_OBJC_IMPLEMENTATIONS = YES;
				CLANG_WARN_DIRECT_OBJC_ISA_USAGE = YES_ERROR;
				CLANG_WARN_DOCUMENTATION_COMMENTS = YES;
				CLANG_WARN_EMPTY_BODY = YES;
				CLANG_WARN_ENUM_CONVERSION = YES;
				CLANG_WARN_INFINITE_RECURSION = YES;
				CLANG_WARN_INT_CONVERSION = YES;
				CLANG_WARN_NON_LITERAL_NULL_CONVERSION = YES;
				CLANG_WARN_OBJC_IMPLICIT_RETAIN_SELF = YES;
				CLANG_WARN_OBJC_LITERAL_CONVERSION = YES;
				CLANG_WARN_OBJC_ROOT_CLASS = YES_ERROR;
				CLANG_WARN_RANGE_LOOP_ANALYSIS = YES;
				CLANG_WARN_STRICT_PROTOTYPES = YES;
				CLANG_WARN_SUSPICIOUS_MOVE = YES;
				CLANG_WARN_UNGUARDED_AVAILABILITY = YES_AGGRESSIVE;
				CLANG_WARN_UNREACHABLE_CODE = YES;
				CLANG_WARN__DUPLICATE_METHOD_MATCH = YES;
				CODE_SIGN_IDENTITY = "iPhone Developer";
				COPY_PHASE_STRIP = NO;
				DEBUG_INFORMATION_FORMAT = "dwarf-with-dsym";
				ENABLE_NS_ASSERTIONS = NO;
				ENABLE_STRICT_OBJC_MSGSEND = YES;
				GCC_C_LANGUAGE_STANDARD = gnu11;
				GCC_NO_COMMON_BLOCKS = YES;
				GCC_WARN_64_TO_32_BIT_CONVERSION = YES;
				GCC_WARN_ABOUT_RETURN_TYPE = YES_ERROR;
				GCC_WARN_UNDECLARED_SELECTOR = YES;
				GCC_WARN_UNINITIALIZED_AUTOS = YES_AGGRESSIVE;
				GCC_WARN_UNUSED_FUNCTION = YES;
				GCC_WARN_UNUSED_VARIABLE = YES;
				IPHONEOS_DEPLOYMENT_TARGET = 12.0;
				MTL_ENABLE_DEBUG_INFO = NO;
				MTL_FAST_MATH = YES;
				SDKROOT = iphoneos;
				SWIFT_COMPILATION_MODE = wholemodule;
				SWIFT_OPTIMIZATION_LEVEL = "-O";
				VALIDATE_PRODUCT = YES;
			};
			name = Release;
		};
		FB24C7BB22F60DA600F4A540 /* Debug */ = {
			isa = XCBuildConfiguration;
			buildSettings = {
				ASSETCATALOG_COMPILER_APPICON_NAME = AppIcon;
				CODE_SIGN_STYLE = Automatic;
				DEVELOPMENT_TEAM = D8ECNKLXCF;
				INFOPLIST_FILE = ToDoListMVVMC/Info.plist;
				LD_RUNPATH_SEARCH_PATHS = (
					"$(inherited)",
					"@executable_path/Frameworks",
				);
				PRODUCT_BUNDLE_IDENTIFIER = com.tenlabs.ToDoListMVVMC;
				PRODUCT_NAME = "$(TARGET_NAME)";
				SWIFT_VERSION = 4.2;
				TARGETED_DEVICE_FAMILY = "1,2";
			};
			name = Debug;
		};
		FB24C7BC22F60DA600F4A540 /* Release */ = {
			isa = XCBuildConfiguration;
			buildSettings = {
				ASSETCATALOG_COMPILER_APPICON_NAME = AppIcon;
				CODE_SIGN_STYLE = Automatic;
				DEVELOPMENT_TEAM = D8ECNKLXCF;
				INFOPLIST_FILE = ToDoListMVVMC/Info.plist;
				LD_RUNPATH_SEARCH_PATHS = (
					"$(inherited)",
					"@executable_path/Frameworks",
				);
				PRODUCT_BUNDLE_IDENTIFIER = com.tenlabs.ToDoListMVVMC;
				PRODUCT_NAME = "$(TARGET_NAME)";
				SWIFT_VERSION = 4.2;
				TARGETED_DEVICE_FAMILY = "1,2";
			};
			name = Release;
		};
/* End XCBuildConfiguration section */

/* Begin XCConfigurationList section */
		FB24C7A322F60DA600F4A540 /* Build configuration list for PBXProject "ToDoListMVVMC" */ = {
			isa = XCConfigurationList;
			buildConfigurations = (
				FB24C7B822F60DA600F4A540 /* Debug */,
				FB24C7B922F60DA600F4A540 /* Release */,
			);
			defaultConfigurationIsVisible = 0;
			defaultConfigurationName = Release;
		};
		FB24C7BA22F60DA600F4A540 /* Build configuration list for PBXNativeTarget "ToDoListMVVMC" */ = {
			isa = XCConfigurationList;
			buildConfigurations = (
				FB24C7BB22F60DA600F4A540 /* Debug */,
				FB24C7BC22F60DA600F4A540 /* Release */,
			);
			defaultConfigurationIsVisible = 0;
			defaultConfigurationName = Release;
		};
/* End XCConfigurationList section */
	};
	rootObject = FB24C7A022F60DA600F4A540 /* Project object */;
}
